
Microsoft Visual Studio Solution File, Format Version 12.00
Project("{FAE04EC0-301F-11D3-BF4B-00C04F79EFBC}") = "AppCaffeine", "AppCaffeine\AppCaffeine.csproj", "{14A195E7-0DB2-4281-A285-2079E2A2F7DF}"
EndProject
Global
	GlobalSection(SolutionConfigurationPlatforms) = preSolution
		Debug|Any CPU = Debug|Any CPU
		Release|Any CPU = Release|Any CPU
	EndGlobalSection
	GlobalSection(ProjectConfigurationPlatforms) = postSolution
		{14A195E7-0DB2-4281-A285-2079E2A2F7DF}.Debug|Any CPU.ActiveCfg = Debug|Any CPU
		{14A195E7-0DB2-4281-A285-2079E2A2F7DF}.Debug|Any CPU.Build.0 = Debug|Any CPU
		{14A195E7-0DB2-4281-A285-2079E2A2F7DF}.Release|Any CPU.ActiveCfg = Release|Any CPU
		{14A195E7-0DB2-4281-A285-2079E2A2F7DF}.Release|Any CPU.Build.0 = Release|Any CPU
	EndGlobalSection
EndGlobal
